
Microsoft Visual Studio Solution File, Format Version 12.00
# Visual Studio Version 17
VisualStudioVersion = 17.5.002.0
MinimumVisualStudioVersion = 10.0.40219.1
Project("{9A19103F-16F7-4668-BE54-9A1E7A4F7556}") = "Projeto Web-LH Pets versão 1", "Projeto Web-LH Pets versão 1.csproj", "{FEBADE55-EFA4-49CE-BCF7-01DB0EED7742}"
EndProject
Global
	GlobalSection(SolutionConfigurationPlatforms) = preSolution
		Debug|Any CPU = Debug|Any CPU
		Release|Any CPU = Release|Any CPU
	EndGlobalSection
	GlobalSection(ProjectConfigurationPlatforms) = postSolution
		{FEBADE55-EFA4-49CE-BCF7-01DB0EED7742}.Debug|Any CPU.ActiveCfg = Debug|Any CPU
		{FEBADE55-EFA4-49CE-BCF7-01DB0EED7742}.Debug|Any CPU.Build.0 = Debug|Any CPU
		{FEBADE55-EFA4-49CE-BCF7-01DB0EED7742}.Release|Any CPU.ActiveCfg = Release|Any CPU
		{FEBADE55-EFA4-49CE-BCF7-01DB0EED7742}.Release|Any CPU.Build.0 = Release|Any CPU
	EndGlobalSection
	GlobalSection(SolutionProperties) = preSolution
		HideSolutionNode = FALSE
	EndGlobalSection
	GlobalSection(ExtensibilityGlobals) = postSolution
		SolutionGuid = {20FD0628-CCC8-4695-92D5-E6BFCAC9D9C4}
	EndGlobalSection
EndGlobal
